
Microsoft Visual Studio Solution File, Format Version 12.00
# Visual Studio Version 17
VisualStudioVersion = 17.7.34024.191
MinimumVisualStudioVersion = 10.0.40219.1
Project("{9A19103F-16F7-4668-BE54-9A1E7A4F7556}") = "WebAppi_Test", "WebAppi_Test\WebAppi_Test.csproj", "{619EB608-CB25-4482-85AA-F757C1834798}"
EndProject
Project("{9A19103F-16F7-4668-BE54-9A1E7A4F7556}") = "Model", "Model\Model.csproj", "{625A6935-B3A0-406E-831A-3CF4F1979147}"
EndProject
Project("{2150E333-8FDC-42A3-9474-1A3956D46DE8}") = "Solution Items", "Solution Items", "{F3585E80-ABC3-4092-A0A0-85CA13F18A89}"
	ProjectSection(SolutionItems) = preProject
		.editorconfig = .editorconfig
	EndProjectSection
EndProject
Project("{9A19103F-16F7-4668-BE54-9A1E7A4F7556}") = "Service", "Service\Service.csproj", "{335D87CA-CA85-4B10-88D2-982C4E3A17A8}"
EndProject
Project("{9A19103F-16F7-4668-BE54-9A1E7A4F7556}") = "Interface", "Interface\Interface.csproj", "{27918196-7267-48C5-AEE4-7B425929F7DE}"
EndProject
Project("{FAE04EC0-301F-11D3-BF4B-00C04F79EFBC}") = "Common", "Common\Common.csproj", "{8EE14713-0752-419D-897E-E66533964771}"
EndProject
Global
	GlobalSection(SolutionConfigurationPlatforms) = preSolution
		Debug|Any CPU = Debug|Any CPU
		Release|Any CPU = Release|Any CPU
	EndGlobalSection
	GlobalSection(ProjectConfigurationPlatforms) = postSolution
		{619EB608-CB25-4482-85AA-F757C1834798}.Debug|Any CPU.ActiveCfg = Debug|Any CPU
		{619EB608-CB25-4482-85AA-F757C1834798}.Debug|Any CPU.Build.0 = Debug|Any CPU
		{619EB608-CB25-4482-85AA-F757C1834798}.Release|Any CPU.ActiveCfg = Release|Any CPU
		{619EB608-CB25-4482-85AA-F757C1834798}.Release|Any CPU.Build.0 = Release|Any CPU
		{625A6935-B3A0-406E-831A-3CF4F1979147}.Debug|Any CPU.ActiveCfg = Debug|Any CPU
		{625A6935-B3A0-406E-831A-3CF4F1979147}.Debug|Any CPU.Build.0 = Debug|Any CPU
		{625A6935-B3A0-406E-831A-3CF4F1979147}.Release|Any CPU.ActiveCfg = Release|Any CPU
		{625A6935-B3A0-406E-831A-3CF4F1979147}.Release|Any CPU.Build.0 = Release|Any CPU
		{335D87CA-CA85-4B10-88D2-982C4E3A17A8}.Debug|Any CPU.ActiveCfg = Debug|Any CPU
		{335D87CA-CA85-4B10-88D2-982C4E3A17A8}.Debug|Any CPU.Build.0 = Debug|Any CPU
		{335D87CA-CA85-4B10-88D2-982C4E3A17A8}.Release|Any CPU.ActiveCfg = Release|Any CPU
		{335D87CA-CA85-4B10-88D2-982C4E3A17A8}.Release|Any CPU.Build.0 = Release|Any CPU
		{27918196-7267-48C5-AEE4-7B425929F7DE}.Debug|Any CPU.ActiveCfg = Debug|Any CPU
		{27918196-7267-48C5-AEE4-7B425929F7DE}.Debug|Any CPU.Build.0 = Debug|Any CPU
		{27918196-7267-48C5-AEE4-7B425929F7DE}.Release|Any CPU.ActiveCfg = Release|Any CPU
		{27918196-7267-48C5-AEE4-7B425929F7DE}.Release|Any CPU.Build.0 = Release|Any CPU
		{8EE14713-0752-419D-897E-E66533964771}.Debug|Any CPU.ActiveCfg = Debug|Any CPU
		{8EE14713-0752-419D-897E-E66533964771}.Debug|Any CPU.Build.0 = Debug|Any CPU
		{8EE14713-0752-419D-897E-E66533964771}.Release|Any CPU.ActiveCfg = Release|Any CPU
		{8EE14713-0752-419D-897E-E66533964771}.Release|Any CPU.Build.0 = Release|Any CPU
	EndGlobalSection
	GlobalSection(SolutionProperties) = preSolution
		HideSolutionNode = FALSE
	EndGlobalSection
	GlobalSection(ExtensibilityGlobals) = postSolution
		SolutionGuid = {E8B54C26-26FD-45A8-ADF8-0FCE39E217F3}
	EndGlobalSection
EndGlobal
